
Microsoft Visual Studio Solution File, Format Version 12.00
# Visual Studio Version 16
VisualStudioVersion = 16.0.31605.320
MinimumVisualStudioVersion = 10.0.40219.1
Project("{8BC9CEB8-8B4A-11D0-8D11-00A0C91BC942}") = "Final Project with Lighting and Textures", "Final Project with Lighting and Textures.vcxproj", "{4CC21252-95D0-4E0D-AC3C-D8E0124109C7}"
EndProject
Global
	GlobalSection(SolutionConfigurationPlatforms) = preSolution
		Debug|x64 = Debug|x64
		Debug|x86 = Debug|x86
		Release|x64 = Release|x64
		Release|x86 = Release|x86
	EndGlobalSection
	GlobalSection(ProjectConfigurationPlatforms) = postSolution
		{4CC21252-95D0-4E0D-AC3C-D8E0124109C7}.Debug|x64.ActiveCfg = Debug|x64
		{4CC21252-95D0-4E0D-AC3C-D8E0124109C7}.Debug|x64.Build.0 = Debug|x64
		{4CC21252-95D0-4E0D-AC3C-D8E0124109C7}.Debug|x86.ActiveCfg = Debug|Win32
		{4CC21252-95D0-4E0D-AC3C-D8E0124109C7}.Debug|x86.Build.0 = Debug|Win32
		{4CC21252-95D0-4E0D-AC3C-D8E0124109C7}.Release|x64.ActiveCfg = Release|x64
		{4CC21252-95D0-4E0D-AC3C-D8E0124109C7}.Release|x64.Build.0 = Release|x64
		{4CC21252-95D0-4E0D-AC3C-D8E0124109C7}.Release|x86.ActiveCfg = Release|Win32
		{4CC21252-95D0-4E0D-AC3C-D8E0124109C7}.Release|x86.Build.0 = Release|Win32
	EndGlobalSection
	GlobalSection(SolutionProperties) = preSolution
		HideSolutionNode = FALSE
	EndGlobalSection
	GlobalSection(ExtensibilityGlobals) = postSolution
		SolutionGuid = {72CDF0FC-EAB8-4FA3-AC88-B59CF416656F}
	EndGlobalSection
EndGlobal
